dependencies:
  esp-idf-lib/esp_idf_lib_helpers:
    dependencies: []
    source:
      path: /Users/iih/esp/2/airplay-esp32/managed_components/esp-idf-lib__esp_idf_lib_helpers
      type: local
    version: 1.4.0
  esp-idf-lib/hd44780:
    dependencies: []
    source:
      path: /Users/iih/esp/2/airplay-esp32/managed_components/esp-idf-lib__hd44780
      type: local
    version: 1.3.0
  espressif/esp_audio_codec:
    dependencies: []
    source:
      path: /Users/iih/esp/2/airplay-esp32/managed_components/espressif__esp_audio_codec
      type: local
    version: 2.4.1
  espressif/led_strip:
    dependencies: []
    source:
      path: /Users/iih/esp/2/airplay-esp32/managed_components/espressif__led_strip
      type: local
    version: 3.0.3
  espressif/libsodium:
    dependencies: []
    source:
      path: /Users/iih/esp/2/airplay-esp32/managed_components/espressif__libsodium
      type: local
    version: 1.0.20~3
  espressif/mdns:
    dependencies: []
    source:
      path: /Users/iih/esp/2/airplay-esp32/managed_components/espressif__mdns
      type: local
    version: 1.9.1
  idf:
    source:
      type: idf
    version: 5.5.2
direct_dependencies:
- esp-idf-lib/esp_idf_lib_helpers
- esp-idf-lib/hd44780
- espressif/esp_audio_codec
- espressif/led_strip
- espressif/libsodium
- espressif/mdns
- idf
manifest_hash: 7b91fec154f6ef1e44841160d3d342b1e5ee2dd59e4f52078cb324a7feaa7da8
target: esp32s3
version: 2.0.0
